
Microsoft Visual Studio Solution File, Format Version 12.00
# Visual Studio Version 17
VisualStudioVersion = 17.5.33414.496
MinimumVisualStudioVersion = 10.0.40219.1
Project("{FAE04EC0-301F-11D3-BF4B-00C04F79EFBC}") = "AdaptiveEMA", "AdaptiveEMA\AdaptiveEMA.csproj", "{504CD69A-2D70-4BC3-9DE2-5687149E1AA0}"
EndProject
Global
	GlobalSection(SolutionConfigurationPlatforms) = preSolution
		Debug|Any CPU = Debug|Any CPU
		Release|Any CPU = Release|Any CPU
	EndGlobalSection
	GlobalSection(ProjectConfigurationPlatforms) = postSolution
		{504CD69A-2D70-4BC3-9DE2-5687149E1AA0}.Debug|Any CPU.ActiveCfg = Debug|Any CPU
		{504CD69A-2D70-4BC3-9DE2-5687149E1AA0}.Debug|Any CPU.Build.0 = Debug|Any CPU
		{504CD69A-2D70-4BC3-9DE2-5687149E1AA0}.Release|Any CPU.ActiveCfg = Release|Any CPU
		{504CD69A-2D70-4BC3-9DE2-5687149E1AA0}.Release|Any CPU.Build.0 = Release|Any CPU
	EndGlobalSection
	GlobalSection(SolutionProperties) = preSolution
		HideSolutionNode = FALSE
	EndGlobalSection
	GlobalSection(ExtensibilityGlobals) = postSolution
		SolutionGuid = {804CE988-D2FA-4840-9477-815EBC853A0E}
	EndGlobalSection
EndGlobal
